Microsoft Visual Studio Solution File, Format Version 12.00
# Visual Studio Version 17
VisualStudioVersion = 17.5.2.0
MinimumVisualStudioVersion = 10.0.40219.1
Project("{FAE04EC0-301F-11D3-BF4B-00C04F79EFBC}") = "Practica-6", "Practica-6\Practica-6.csproj", "{5B58B877-A53B-F532-8C89-99136494E674}"
EndProject
Project("{FAE04EC0-301F-11D3-BF4B-00C04F79EFBC}") = "Practica-8", "Practica-8\Practica-8.csproj", "{ED0C7A89-6F2C-248E-F141-45AA7726246F}"
EndProject
Global
	GlobalSection(SolutionConfigurationPlatforms) = preSolution
		Debug|Any CPU = Debug|Any CPU
		Release|Any CPU = Release|Any CPU
	EndGlobalSection
	GlobalSection(ProjectConfigurationPlatforms) = postSolution
		{5B58B877-A53B-F532-8C89-99136494E674}.Debug|Any CPU.ActiveCfg = Debug|Any CPU
		{5B58B877-A53B-F532-8C89-99136494E674}.Debug|Any CPU.Build.0 = Debug|Any CPU
		{5B58B877-A53B-F532-8C89-99136494E674}.Release|Any CPU.ActiveCfg = Release|Any CPU
		{5B58B877-A53B-F532-8C89-99136494E674}.Release|Any CPU.Build.0 = Release|Any CPU
		{ED0C7A89-6F2C-248E-F141-45AA7726246F}.Debug|Any CPU.ActiveCfg = Debug|Any CPU
		{ED0C7A89-6F2C-248E-F141-45AA7726246F}.Debug|Any CPU.Build.0 = Debug|Any CPU
		{ED0C7A89-6F2C-248E-F141-45AA7726246F}.Release|Any CPU.ActiveCfg = Release|Any CPU
		{ED0C7A89-6F2C-248E-F141-45AA7726246F}.Release|Any CPU.Build.0 = Release|Any CPU
	EndGlobalSection
	GlobalSection(SolutionProperties) = preSolution
		HideSolutionNode = FALSE
	EndGlobalSection
	GlobalSection(ExtensibilityGlobals) = postSolution
		SolutionGuid = {A4439EB0-20BA-4EBE-9869-60903D6B2321}
	EndGlobalSection
EndGlobal
